// !$*UTF8*$!
{
	archiveVersion = 1;
	classes = {
	};
	objectVersion = 77;
	objects = {

/* Begin PBXBuildFile section */
		DE89BB992E3679C300E45E1B /* FirebaseAI in Frameworks */ = {isa = PBXBuildFile; productRef = DE89BB982E3679C300E45E1B /* FirebaseAI */; };
		DE89BB9B2E3679C300E45E1B /* FirebaseAnalytics in Frameworks */ = {isa = PBXBuildFile; productRef = DE89BB9A2E3679C300E45E1B /* FirebaseAnalytics */; };
		DE89BB9D2E3679C300E45E1B /* FirebaseAnalyticsCore in Frameworks */ = {isa = PBXBuildFile; productRef = DE89BB9C2E3679C300E45E1B /* FirebaseAnalyticsCore */; };
		DE89BB9F2E3679C300E45E1B /* FirebaseAnalyticsIdentitySupport in Frameworks */ = {isa = PBXBuildFile; productRef = DE89BB9E2E3679C300E45E1B /* FirebaseAnalyticsIdentitySupport */; };
		DE89BBA12E3679C300E45E1B /* FirebaseAppCheck in Frameworks */ = {isa = PBXBuildFile; productRef = DE89BBA02E3679C300E45E1B /* FirebaseAppCheck */; };
		DE89BBA32E3679C300E45E1B /* FirebaseAppDistribution-Beta in Frameworks */ = {isa = PBXBuildFile; productRef = DE89BBA22E3679C300E45E1B /* FirebaseAppDistribution-Beta */; };
		DE89BBA52E3679C300E45E1B /* FirebaseAuth in Frameworks */ = {isa = PBXBuildFile; productRef = DE89BBA42E3679C300E45E1B /* FirebaseAuth */; };
		DE89BBA72E3679C300E45E1B /* FirebaseAuthCombine-Community in Frameworks */ = {isa = PBXBuildFile; productRef = DE89BBA62E3679C300E45E1B /* FirebaseAuthCombine-Community */; };
		DE89BBA92E3679C300E45E1B /* FirebaseCore in Frameworks */ = {isa = PBXBuildFile; productRef = DE89BBA82E3679C300E45E1B /* FirebaseCore */; };
		DE89BBAB2E3679C300E45E1B /* FirebaseCrashlytics in Frameworks */ = {isa = PBXBuildFile; productRef = DE89BBAA2E3679C300E45E1B /* FirebaseCrashlytics */; };
		DE89BBAD2E3679C300E45E1B /* FirebaseDatabase in Frameworks */ = {isa = PBXBuildFile; productRef = DE89BBAC2E3679C300E45E1B /* FirebaseDatabase */; };
		DE89BBAF2E3679C300E45E1B /* FirebaseFirestore in Frameworks */ = {isa = PBXBuildFile; productRef = DE89BBAE2E3679C300E45E1B /* FirebaseFirestore */; };
		DE89BBB12E3679C300E45E1B /* FirebaseFirestoreCombine-Community in Frameworks */ = {isa = PBXBuildFile; productRef = DE89BBB02E3679C300E45E1B /* FirebaseFirestoreCombine-Community */; };
		DE89BBB32E3679C300E45E1B /* FirebaseFunctions in Frameworks */ = {isa = PBXBuildFile; productRef = DE89BBB22E3679C300E45E1B /* FirebaseFunctions */; };
		DE89BBB52E3679C300E45E1B /* FirebaseFunctionsCombine-Community in Frameworks */ = {isa = PBXBuildFile; productRef = DE89BBB42E3679C300E45E1B /* FirebaseFunctionsCombine-Community */; };
		DE89BBB72E3679C300E45E1B /* FirebaseInAppMessaging-Beta in Frameworks */ = {isa = PBXBuildFile; productRef = DE89BBB62E3679C300E45E1B /* FirebaseInAppMessaging-Beta */; };
		DE89BBB92E3679C300E45E1B /* FirebaseInstallations in Frameworks */ = {isa = PBXBuildFile; productRef = DE89BBB82E3679C300E45E1B /* FirebaseInstallations */; };
		DE89BBBB2E3679C300E45E1B /* FirebaseMLModelDownloader in Frameworks */ = {isa = PBXBuildFile; productRef = DE89BBBA2E3679C300E45E1B /* FirebaseMLModelDownloader */; };
		DE89BBBD2E3679C300E45E1B /* FirebaseMessaging in Frameworks */ = {isa = PBXBuildFile; productRef = DE89BBBC2E3679C300E45E1B /* FirebaseMessaging */; };
		DE89BBBF2E3679C300E45E1B /* FirebasePerformance in Frameworks */ = {isa = PBXBuildFile; productRef = DE89BBBE2E3679C300E45E1B /* FirebasePerformance */; };
		DE89BBC12E3679C300E45E1B /* FirebaseRemoteConfig in Frameworks */ = {isa = PBXBuildFile; productRef = DE89BBC02E3679C300E45E1B /* FirebaseRemoteConfig */; };
		DE89BBC32E3679C300E45E1B /* FirebaseStorage in Frameworks */ = {isa = PBXBuildFile; productRef = DE89BBC22E3679C300E45E1B /* FirebaseStorage */; };
		DE89BBC52E3679C300E45E1B /* FirebaseStorageCombine-Community in Frameworks */ = {isa = PBXBuildFile; productRef = DE89BBC42E3679C300E45E1B /* FirebaseStorageCombine-Community */; };
/* End PBXBuildFile section */

/* Begin PBXFileReference section */
		DE89BB7F2E3672D900E45E1B /* SwiftflFirebase.app */ = {isa = PBXFileReference; explicitFileType = wrapper.application; includeInIndex = 0; path = SwiftflFirebase.app; sourceTree = BUILT_PRODUCTS_DIR; };
/* End PBXFileReference section */

/* Begin PBXFileSystemSynchronizedRootGroup section */
		DE89BB812E3672D900E45E1B /* SwiftflFirebase */ = {
			isa = PBXFileSystemSynchronizedRootGroup;
			path = SwiftflFirebase;
			sourceTree = "<group>";
		};
/* End PBXFileSystemSynchronizedRootGroup section */

/* Begin PBXFrameworksBuildPhase section */
		DE89BB7C2E3672D900E45E1B /* Frameworks */ = {
			isa = PBXFrameworksBuildPhase;
			buildActionMask = 2147483647;
			files = (
				DE89BBB12E3679C300E45E1B /* FirebaseFirestoreCombine-Community in Frameworks */,
				DE89BBB32E3679C300E45E1B /* FirebaseFunctions in Frameworks */,
				DE89BBBF2E3679C300E45E1B /* FirebasePerformance in Frameworks */,
				DE89BBC52E3679C300E45E1B /* FirebaseStorageCombine-Community in Frameworks */,
				DE89BBC12E3679C300E45E1B /* FirebaseRemoteConfig in Frameworks */,
				DE89BB9F2E3679C300E45E1B /* FirebaseAnalyticsIdentitySupport in Frameworks */,
				DE89BB9B2E3679C300E45E1B /* FirebaseAnalytics in Frameworks */,
				DE89BB9D2E3679C300E45E1B /* FirebaseAnalyticsCore in Frameworks */,
				DE89BBA12E3679C300E45E1B /* FirebaseAppCheck in Frameworks */,
				DE89BB992E3679C300E45E1B /* FirebaseAI in Frameworks */,
				DE89BBAF2E3679C300E45E1B /* FirebaseFirestore in Frameworks */,
				DE89BBBD2E3679C300E45E1B /* FirebaseMessaging in Frameworks */,
				DE89BBB92E3679C300E45E1B /* FirebaseInstallations in Frameworks */,
				DE89BBB52E3679C300E45E1B /* FirebaseFunctionsCombine-Community in Frameworks */,
				DE89BBA52E3679C300E45E1B /* FirebaseAuth in Frameworks */,
				DE89BBA32E3679C300E45E1B /* FirebaseAppDistribution-Beta in Frameworks */,
				DE89BBB72E3679C300E45E1B /* FirebaseInAppMessaging-Beta in Frameworks */,
				DE89BBAB2E3679C300E45E1B /* FirebaseCrashlytics in Frameworks */,
				DE89BBAD2E3679C300E45E1B /* FirebaseDatabase in Frameworks */,
				DE89BBBB2E3679C300E45E1B /* FirebaseMLModelDownloader in Frameworks */,
				DE89BBC32E3679C300E45E1B /* FirebaseStorage in Frameworks */,
				DE89BBA92E3679C300E45E1B /* FirebaseCore in Frameworks */,
				DE89BBA72E3679C300E45E1B /* FirebaseAuthCombine-Community in Frameworks */,
			);
			runOnlyForDeploymentPostprocessing = 0;
		};
/* End PBXFrameworksBuildPhase section */

/* Begin PBXGroup section */
		DE89BB762E3672D800E45E1B = {
			isa = PBXGroup;
			children = (
				DE89BB812E3672D900E45E1B /* SwiftflFirebase */,
				DE89BB802E3672D900E45E1B /* Products */,
			);
			sourceTree = "<group>";
		};
		DE89BB802E3672D900E45E1B /* Products */ = {
			isa = PBXGroup;
			children = (
				DE89BB7F2E3672D900E45E1B /* SwiftflFirebase.app */,
			);
			name = Products;
			sourceTree = "<group>";
		};
/* End PBXGroup section */

/* Begin PBXNativeTarget section */
		DE89BB7E2E3672D900E45E1B /* SwiftflFirebase */ = {
			isa = PBXNativeTarget;
			buildConfigurationList = DE89BB8A2E3672DA00E45E1B /* Build configuration list for PBXNativeTarget "SwiftflFirebase" */;
			buildPhases = (
				DE89BB7B2E3672D900E45E1B /* Sources */,
				DE89BB7C2E3672D900E45E1B /* Frameworks */,
				DE89BB7D2E3672D900E45E1B /* Resources */,
			);
			buildRules = (
			);
			dependencies = (
			);
			fileSystemSynchronizedGroups = (
				DE89BB812E3672D900E45E1B /* SwiftflFirebase */,
			);
			name = SwiftflFirebase;
			packageProductDependencies = (
				DE89BB982E3679C300E45E1B /* FirebaseAI */,
				DE89BB9A2E3679C300E45E1B /* FirebaseAnalytics */,
				DE89BB9C2E3679C300E45E1B /* FirebaseAnalyticsCore */,
				DE89BB9E2E3679C300E45E1B /* FirebaseAnalyticsIdentitySupport */,
				DE89BBA02E3679C300E45E1B /* FirebaseAppCheck */,
				DE89BBA22E3679C300E45E1B /* FirebaseAppDistribution-Beta */,
				DE89BBA42E3679C300E45E1B /* FirebaseAuth */,
				DE89BBA62E3679C300E45E1B /* FirebaseAuthCombine-Community */,
				DE89BBA82E3679C300E45E1B /* FirebaseCore */,
				DE89BBAA2E3679C300E45E1B /* FirebaseCrashlytics */,
				DE89BBAC2E3679C300E45E1B /* FirebaseDatabase */,
				DE89BBAE2E3679C300E45E1B /* FirebaseFirestore */,
				DE89BBB02E3679C300E45E1B /* FirebaseFirestoreCombine-Community */,
				DE89BBB22E3679C300E45E1B /* FirebaseFunctions */,
				DE89BBB42E3679C300E45E1B /* FirebaseFunctionsCombine-Community */,
				DE89BBB62E3679C300E45E1B /* FirebaseInAppMessaging-Beta */,
				DE89BBB82E3679C300E45E1B /* FirebaseInstallations */,
				DE89BBBA2E3679C300E45E1B /* FirebaseMLModelDownloader */,
				DE89BBBC2E3679C300E45E1B /* FirebaseMessaging */,
				DE89BBBE2E3679C300E45E1B /* FirebasePerformance */,
				DE89BBC02E3679C300E45E1B /* FirebaseRemoteConfig */,
				DE89BBC22E3679C300E45E1B /* FirebaseStorage */,
				DE89BBC42E3679C300E45E1B /* FirebaseStorageCombine-Community */,
			);
			productName = SwiftflFirebase;
			productReference = DE89BB7F2E3672D900E45E1B /* SwiftflFirebase.app */;
			productType = "com.apple.product-type.application";
		};
/* End PBXNativeTarget section */

/* Begin PBXProject section */
		DE89BB772E3672D800E45E1B /* Project object */ = {
			isa = PBXProject;
			attributes = {
				BuildIndependentTargetsInParallel = 1;
				LastSwiftUpdateCheck = 1640;
				LastUpgradeCheck = 1640;
				TargetAttributes = {
					DE89BB7E2E3672D900E45E1B = {
						CreatedOnToolsVersion = 16.4;
					};
				};
			};
			buildConfigurationList = DE89BB7A2E3672D800E45E1B /* Build configuration list for PBXProject "SwiftflFirebase" */;
			developmentRegion = en;
			hasScannedForEncodings = 0;
			knownRegions = (
				en,
				Base,
			);
			mainGroup = DE89BB762E3672D800E45E1B;
			minimizedProjectReferenceProxies = 1;
			packageReferences = (
				DE89BB8F2E3675F200E45E1B /* XCRemoteSwiftPackageReference "firebase-ios-sdk" */,
			);
			preferredProjectObjectVersion = 77;
			productRefGroup = DE89BB802E3672D900E45E1B /* Products */;
			projectDirPath = "";
			projectRoot = "";
			targets = (
				DE89BB7E2E3672D900E45E1B /* SwiftflFirebase */,
			);
		};
/* End PBXProject section */

/* Begin PBXResourcesBuildPhase section */
		DE89BB7D2E3672D900E45E1B /* Resources */ = {
			isa = PBXResourcesBuildPhase;
			buildActionMask = 2147483647;
			files = (
			);
			runOnlyForDeploymentPostprocessing = 0;
		};
/* End PBXResourcesBuildPhase section */

/* Begin PBXSourcesBuildPhase section */
		DE89BB7B2E3672D900E45E1B /* Sources */ = {
			isa = PBXSourcesBuildPhase;
			buildActionMask = 2147483647;
			files = (
			);
			runOnlyForDeploymentPostprocessing = 0;
		};
/* End PBXSourcesBuildPhase section */

/* Begin XCBuildConfiguration section */
		DE89BB882E3672DA00E45E1B /* Debug */ = {
			isa = XCBuildConfiguration;
			buildSettings = {
				ALWAYS_SEARCH_USER_PATHS = NO;
				ASSETCATALOG_COMPILER_GENERATE_SWIFT_ASSET_SYMBOL_EXTENSIONS = YES;
				CLANG_ANALYZER_NONNULL = YES;
				CLANG_ANALYZER_NUMBER_OBJECT_CONVERSION = YES_AGGRESSIVE;
				CLANG_CXX_LANGUAGE_STANDARD = "gnu++20";
				CLANG_ENABLE_MODULES = YES;
				CLANG_ENABLE_OBJC_ARC = YES;
				CLANG_ENABLE_OBJC_WEAK = YES;
				CLANG_WARN_BLOCK_CAPTURE_AUTORELEASING = YES;
				CLANG_WARN_BOOL_CONVERSION = YES;
				CLANG_WARN_COMMA = YES;
				CLANG_WARN_CONSTANT_CONVERSION = YES;
				CLANG_WARN_DEPRECATED_OBJC_IMPLEMENTATIONS = YES;
				CLANG_WARN_DIRECT_OBJC_ISA_USAGE = YES_ERROR;
				CLANG_WARN_DOCUMENTATION_COMMENTS = YES;
				CLANG_WARN_EMPTY_BODY = YES;
				CLANG_WARN_ENUM_CONVERSION = YES;
				CLANG_WARN_INFINITE_RECURSION = YES;
				CLANG_WARN_INT_CONVERSION = YES;
				CLANG_WARN_NON_LITERAL_NULL_CONVERSION = YES;
				CLANG_WARN_OBJC_IMPLICIT_RETAIN_SELF = YES;
				CLANG_WARN_OBJC_LITERAL_CONVERSION = YES;
				CLANG_WARN_OBJC_ROOT_CLASS = YES_ERROR;
				CLANG_WARN_QUOTED_INCLUDE_IN_FRAMEWORK_HEADER = YES;
				CLANG_WARN_RANGE_LOOP_ANALYSIS = YES;
				CLANG_WARN_STRICT_PROTOTYPES = YES;
				CLANG_WARN_SUSPICIOUS_MOVE = YES;
				CLANG_WARN_UNGUARDED_AVAILABILITY = YES_AGGRESSIVE;
				CLANG_WARN_UNREACHABLE_CODE = YES;
				CLANG_WARN__DUPLICATE_METHOD_MATCH = YES;
				COPY_PHASE_STRIP = NO;
				DEBUG_INFORMATION_FORMAT = dwarf;
				DEVELOPMENT_TEAM = 7R44VQXQDT;
				ENABLE_STRICT_OBJC_MSGSEND = YES;
				ENABLE_TESTABILITY = YES;
				ENABLE_USER_SCRIPT_SANDBOXING = YES;
				GCC_C_LANGUAGE_STANDARD = gnu17;
				GCC_DYNAMIC_NO_PIC = NO;
				GCC_NO_COMMON_BLOCKS = YES;
				GCC_OPTIMIZATION_LEVEL = 0;
				GCC_PREPROCESSOR_DEFINITIONS = (
					"DEBUG=1",
					"$(inherited)",
				);
				GCC_WARN_64_TO_32_BIT_CONVERSION = YES;
				GCC_WARN_ABOUT_RETURN_TYPE = YES_ERROR;
				GCC_WARN_UNDECLARED_SELECTOR = YES;
				GCC_WARN_UNINITIALIZED_AUTOS = YES_AGGRESSIVE;
				GCC_WARN_UNUSED_FUNCTION = YES;
				GCC_WARN_UNUSED_VARIABLE = YES;
				IPHONEOS_DEPLOYMENT_TARGET = 18.5;
				LOCALIZATION_PREFERS_STRING_CATALOGS = YES;
				MTL_ENABLE_DEBUG_INFO = INCLUDE_SOURCE;
				MTL_FAST_MATH = YES;
				ONLY_ACTIVE_ARCH = YES;
				SDKROOT = iphoneos;
				SWIFT_ACTIVE_COMPILATION_CONDITIONS = "DEBUG $(inherited)";
				SWIFT_OPTIMIZATION_LEVEL = "-Onone";
			};
			name = Debug;
		};
		DE89BB892E3672DA00E45E1B /* Release */ = {
			isa = XCBuildConfiguration;
			buildSettings = {
				ALWAYS_SEARCH_USER_PATHS = NO;
				ASSETCATALOG_COMPILER_GENERATE_SWIFT_ASSET_SYMBOL_EXTENSIONS = YES;
				CLANG_ANALYZER_NONNULL = YES;
				CLANG_ANALYZER_NUMBER_OBJECT_CONVERSION = YES_AGGRESSIVE;
				CLANG_CXX_LANGUAGE_STANDARD = "gnu++20";
				CLANG_ENABLE_MODULES = YES;
				CLANG_ENABLE_OBJC_ARC = YES;
				CLANG_ENABLE_OBJC_WEAK = YES;
				CLANG_WARN_BLOCK_CAPTURE_AUTORELEASING = YES;
				CLANG_WARN_BOOL_CONVERSION = YES;
				CLANG_WARN_COMMA = YES;
				CLANG_WARN_CONSTANT_CONVERSION = YES;
				CLANG_WARN_DEPRECATED_OBJC_IMPLEMENTATIONS = YES;
				CLANG_WARN_DIRECT_OBJC_ISA_USAGE = YES_ERROR;
				CLANG_WARN_DOCUMENTATION_COMMENTS = YES;
				CLANG_WARN_EMPTY_BODY = YES;
				CLANG_WARN_ENUM_CONVERSION = YES;
				CLANG_WARN_INFINITE_RECURSION = YES;
				CLANG_WARN_INT_CONVERSION = YES;
				CLANG_WARN_NON_LITERAL_NULL_CONVERSION = YES;
				CLANG_WARN_OBJC_IMPLICIT_RETAIN_SELF = YES;
				CLANG_WARN_OBJC_LITERAL_CONVERSION = YES;
				CLANG_WARN_OBJC_ROOT_CLASS = YES_ERROR;
				CLANG_WARN_QUOTED_INCLUDE_IN_FRAMEWORK_HEADER = YES;
				CLANG_WARN_RANGE_LOOP_ANALYSIS = YES;
				CLANG_WARN_STRICT_PROTOTYPES = YES;
				CLANG_WARN_SUSPICIOUS_MOVE = YES;
				CLANG_WARN_UNGUARDED_AVAILABILITY = YES_AGGRESSIVE;
				CLANG_WARN_UNREACHABLE_CODE = YES;
				CLANG_WARN__DUPLICATE_METHOD_MATCH = YES;
				COPY_PHASE_STRIP = NO;
				DEBUG_INFORMATION_FORMAT = "dwarf-with-dsym";
				DEVELOPMENT_TEAM = 7R44VQXQDT;
				ENABLE_NS_ASSERTIONS = NO;
				ENABLE_STRICT_OBJC_MSGSEND = YES;
				ENABLE_USER_SCRIPT_SANDBOXING = YES;
				GCC_C_LANGUAGE_STANDARD = gnu17;
				GCC_NO_COMMON_BLOCKS = YES;
				GCC_WARN_64_TO_32_BIT_CONVERSION = YES;
				GCC_WARN_ABOUT_RETURN_TYPE = YES_ERROR;
				GCC_WARN_UNDECLARED_SELECTOR = YES;
				GCC_WARN_UNINITIALIZED_AUTOS = YES_AGGRESSIVE;
				GCC_WARN_UNUSED_FUNCTION = YES;
				GCC_WARN_UNUSED_VARIABLE = YES;
				IPHONEOS_DEPLOYMENT_TARGET = 18.5;
				LOCALIZATION_PREFERS_STRING_CATALOGS = YES;
				MTL_ENABLE_DEBUG_INFO = NO;
				MTL_FAST_MATH = YES;
				SDKROOT = iphoneos;
				SWIFT_COMPILATION_MODE = wholemodule;
				VALIDATE_PRODUCT = YES;
			};
			name = Release;
		};
		DE89BB8B2E3672DA00E45E1B /* Debug */ = {
			isa = XCBuildConfiguration;
			buildSettings = {
				ASSETCATALOG_COMPILER_APPICON_NAME = AppIcon;
				ASSETCATALOG_COMPILER_GLOBAL_ACCENT_COLOR_NAME = AccentColor;
				CODE_SIGN_STYLE = Automatic;
				CURRENT_PROJECT_VERSION = 1;
				DEVELOPMENT_TEAM = 7R44VQXQDT;
				ENABLE_PREVIEWS = YES;
				GENERATE_INFOPLIST_FILE = YES;
				INFOPLIST_KEY_UIApplicationSceneManifest_Generation = YES;
				INFOPLIST_KEY_UIApplicationSupportsIndirectInputEvents = YES;
				INFOPLIST_KEY_UILaunchScreen_Generation = YES;
				INFOPLIST_KEY_UISupportedInterfaceOrientations_iPad = "UIInterfaceOrientationPortrait UIInterfaceOrientationPortraitUpsideDown UIInterfaceOrientationLandscapeLeft UIInterfaceOrientationLandscapeRight";
				INFOPLIST_KEY_UISupportedInterfaceOrientations_iPhone = "UIInterfaceOrientationPortrait UIInterfaceOrientationLandscapeLeft UIInterfaceOrientationLandscapeRight";
				LD_RUNPATH_SEARCH_PATHS = (
					"$(inherited)",
					"@executable_path/Frameworks",
				);
				MARKETING_VERSION = 1.0;
				PRODUCT_BUNDLE_IDENTIFIER = thigas.SwiftflFirebase;
				PRODUCT_NAME = "$(TARGET_NAME)";
				SWIFT_EMIT_LOC_STRINGS = YES;
				SWIFT_VERSION = 5.0;
				TARGETED_DEVICE_FAMILY = "1,2";
			};
			name = Debug;
		};
		DE89BB8C2E3672DA00E45E1B /* Release */ = {
			isa = XCBuildConfiguration;
			buildSettings = {
				ASSETCATALOG_COMPILER_APPICON_NAME = AppIcon;
				ASSETCATALOG_COMPILER_GLOBAL_ACCENT_COLOR_NAME = AccentColor;
				CODE_SIGN_STYLE = Automatic;
				CURRENT_PROJECT_VERSION = 1;
				DEVELOPMENT_TEAM = 7R44VQXQDT;
				ENABLE_PREVIEWS = YES;
				GENERATE_INFOPLIST_FILE = YES;
				INFOPLIST_KEY_UIApplicationSceneManifest_Generation = YES;
				INFOPLIST_KEY_UIApplicationSupportsIndirectInputEvents = YES;
				INFOPLIST_KEY_UILaunchScreen_Generation = YES;
				INFOPLIST_KEY_UISupportedInterfaceOrientations_iPad = "UIInterfaceOrientationPortrait UIInterfaceOrientationPortraitUpsideDown UIInterfaceOrientationLandscapeLeft UIInterfaceOrientationLandscapeRight";
				INFOPLIST_KEY_UISupportedInterfaceOrientations_iPhone = "UIInterfaceOrientationPortrait UIInterfaceOrientationLandscapeLeft UIInterfaceOrientationLandscapeRight";
				LD_RUNPATH_SEARCH_PATHS = (
					"$(inherited)",
					"@executable_path/Frameworks",
				);
				MARKETING_VERSION = 1.0;
				PRODUCT_BUNDLE_IDENTIFIER = thigas.SwiftflFirebase;
				PRODUCT_NAME = "$(TARGET_NAME)";
				SWIFT_EMIT_LOC_STRINGS = YES;
				SWIFT_VERSION = 5.0;
				TARGETED_DEVICE_FAMILY = "1,2";
			};
			name = Release;
		};
/* End XCBuildConfiguration section */

/* Begin XCConfigurationList section */
		DE89BB7A2E3672D800E45E1B /* Build configuration list for PBXProject "SwiftflFirebase" */ = {
			isa = XCConfigurationList;
			buildConfigurations = (
				DE89BB882E3672DA00E45E1B /* Debug */,
				DE89BB892E3672DA00E45E1B /* Release */,
			);
			defaultConfigurationIsVisible = 0;
			defaultConfigurationName = Release;
		};
		DE89BB8A2E3672DA00E45E1B /* Build configuration list for PBXNativeTarget "SwiftflFirebase" */ = {
			isa = XCConfigurationList;
			buildConfigurations = (
				DE89BB8B2E3672DA00E45E1B /* Debug */,
				DE89BB8C2E3672DA00E45E1B /* Release */,
			);
			defaultConfigurationIsVisible = 0;
			defaultConfigurationName = Release;
		};
/* End XCConfigurationList section */

/* Begin XCRemoteSwiftPackageReference section */
		DE89BB8F2E3675F200E45E1B /* XCRemoteSwiftPackageReference "firebase-ios-sdk" */ = {
			isa = XCRemoteSwiftPackageReference;
			repositoryURL = "https://github.com/firebase/firebase-ios-sdk";
			requirement = {
				kind = upToNextMajorVersion;
				minimumVersion = 12.0.0;
			};
		};
/* End XCRemoteSwiftPackageReference section */

/* Begin XCSwiftPackageProductDependency section */
		DE89BB982E3679C300E45E1B /* FirebaseAI */ = {
			isa = XCSwiftPackageProductDependency;
			package = DE89BB8F2E3675F200E45E1B /* XCRemoteSwiftPackageReference "firebase-ios-sdk" */;
			productName = FirebaseAI;
		};
		DE89BB9A2E3679C300E45E1B /* FirebaseAnalytics */ = {
			isa = XCSwiftPackageProductDependency;
			package = DE89BB8F2E3675F200E45E1B /* XCRemoteSwiftPackageReference "firebase-ios-sdk" */;
			productName = FirebaseAnalytics;
		};
		DE89BB9C2E3679C300E45E1B /* FirebaseAnalyticsCore */ = {
			isa = XCSwiftPackageProductDependency;
			package = DE89BB8F2E3675F200E45E1B /* XCRemoteSwiftPackageReference "firebase-ios-sdk" */;
			productName = FirebaseAnalyticsCore;
		};
		DE89BB9E2E3679C300E45E1B /* FirebaseAnalyticsIdentitySupport */ = {
			isa = XCSwiftPackageProductDependency;
			package = DE89BB8F2E3675F200E45E1B /* XCRemoteSwiftPackageReference "firebase-ios-sdk" */;
			productName = FirebaseAnalyticsIdentitySupport;
		};
		DE89BBA02E3679C300E45E1B /* FirebaseAppCheck */ = {
			isa = XCSwiftPackageProductDependency;
			package = DE89BB8F2E3675F200E45E1B /* XCRemoteSwiftPackageReference "firebase-ios-sdk" */;
			productName = FirebaseAppCheck;
		};
		DE89BBA22E3679C300E45E1B /* FirebaseAppDistribution-Beta */ = {
			isa = XCSwiftPackageProductDependency;
			package = DE89BB8F2E3675F200E45E1B /* XCRemoteSwiftPackageReference "firebase-ios-sdk" */;
			productName = "FirebaseAppDistribution-Beta";
		};
		DE89BBA42E3679C300E45E1B /* FirebaseAuth */ = {
			isa = XCSwiftPackageProductDependency;
			package = DE89BB8F2E3675F200E45E1B /* XCRemoteSwiftPackageReference "firebase-ios-sdk" */;
			productName = FirebaseAuth;
		};
		DE89BBA62E3679C300E45E1B /* FirebaseAuthCombine-Community */ = {
			isa = XCSwiftPackageProductDependency;
			package = DE89BB8F2E3675F200E45E1B /* XCRemoteSwiftPackageReference "firebase-ios-sdk" */;
			productName = "FirebaseAuthCombine-Community";
		};
		DE89BBA82E3679C300E45E1B /* FirebaseCore */ = {
			isa = XCSwiftPackageProductDependency;
			package = DE89BB8F2E3675F200E45E1B /* XCRemoteSwiftPackageReference "firebase-ios-sdk" */;
			productName = FirebaseCore;
		};
		DE89BBAA2E3679C300E45E1B /* FirebaseCrashlytics */ = {
			isa = XCSwiftPackageProductDependency;
			package = DE89BB8F2E3675F200E45E1B /* XCRemoteSwiftPackageReference "firebase-ios-sdk" */;
			productName = FirebaseCrashlytics;
		};
		DE89BBAC2E3679C300E45E1B /* FirebaseDatabase */ = {
			isa = XCSwiftPackageProductDependency;
			package = DE89BB8F2E3675F200E45E1B /* XCRemoteSwiftPackageReference "firebase-ios-sdk" */;
			productName = FirebaseDatabase;
		};
		DE89BBAE2E3679C300E45E1B /* FirebaseFirestore */ = {
			isa = XCSwiftPackageProductDependency;
			package = DE89BB8F2E3675F200E45E1B /* XCRemoteSwiftPackageReference "firebase-ios-sdk" */;
			productName = FirebaseFirestore;
		};
		DE89BBB02E3679C300E45E1B /* FirebaseFirestoreCombine-Community */ = {
			isa = XCSwiftPackageProductDependency;
			package = DE89BB8F2E3675F200E45E1B /* XCRemoteSwiftPackageReference "firebase-ios-sdk" */;
			productName = "FirebaseFirestoreCombine-Community";
		};
		DE89BBB22E3679C300E45E1B /* FirebaseFunctions */ = {
			isa = XCSwiftPackageProductDependency;
			package = DE89BB8F2E3675F200E45E1B /* XCRemoteSwiftPackageReference "firebase-ios-sdk" */;
			productName = FirebaseFunctions;
		};
		DE89BBB42E3679C300E45E1B /* FirebaseFunctionsCombine-Community */ = {
			isa = XCSwiftPackageProductDependency;
			package = DE89BB8F2E3675F200E45E1B /* XCRemoteSwiftPackageReference "firebase-ios-sdk" */;
			productName = "FirebaseFunctionsCombine-Community";
		};
		DE89BBB62E3679C300E45E1B /* FirebaseInAppMessaging-Beta */ = {
			isa = XCSwiftPackageProductDependency;
			package = DE89BB8F2E3675F200E45E1B /* XCRemoteSwiftPackageReference "firebase-ios-sdk" */;
			productName = "FirebaseInAppMessaging-Beta";
		};
		DE89BBB82E3679C300E45E1B /* FirebaseInstallations */ = {
			isa = XCSwiftPackageProductDependency;
			package = DE89BB8F2E3675F200E45E1B /* XCRemoteSwiftPackageReference "firebase-ios-sdk" */;
			productName = FirebaseInstallations;
		};
		DE89BBBA2E3679C300E45E1B /* FirebaseMLModelDownloader */ = {
			isa = XCSwiftPackageProductDependency;
			package = DE89BB8F2E3675F200E45E1B /* XCRemoteSwiftPackageReference "firebase-ios-sdk" */;
			productName = FirebaseMLModelDownloader;
		};
		DE89BBBC2E3679C300E45E1B /* FirebaseMessaging */ = {
			isa = XCSwiftPackageProductDependency;
			package = DE89BB8F2E3675F200E45E1B /* XCRemoteSwiftPackageReference "firebase-ios-sdk" */;
			productName = FirebaseMessaging;
		};
		DE89BBBE2E3679C300E45E1B /* FirebasePerformance */ = {
			isa = XCSwiftPackageProductDependency;
			package = DE89BB8F2E3675F200E45E1B /* XCRemoteSwiftPackageReference "firebase-ios-sdk" */;
			productName = FirebasePerformance;
		};
		DE89BBC02E3679C300E45E1B /* FirebaseRemoteConfig */ = {
			isa = XCSwiftPackageProductDependency;
			package = DE89BB8F2E3675F200E45E1B /* XCRemoteSwiftPackageReference "firebase-ios-sdk" */;
			productName = FirebaseRemoteConfig;
		};
		DE89BBC22E3679C300E45E1B /* FirebaseStorage */ = {
			isa = XCSwiftPackageProductDependency;
			package = DE89BB8F2E3675F200E45E1B /* XCRemoteSwiftPackageReference "firebase-ios-sdk" */;
			productName = FirebaseStorage;
		};
		DE89BBC42E3679C300E45E1B /* FirebaseStorageCombine-Community */ = {
			isa = XCSwiftPackageProductDependency;
			package = DE89BB8F2E3675F200E45E1B /* XCRemoteSwiftPackageReference "firebase-ios-sdk" */;
			productName = "FirebaseStorageCombine-Community";
		};
/* End XCSwiftPackageProductDependency section */
	};
	rootObject = DE89BB772E3672D800E45E1B /* Project object */;
}
